
Microsoft Visual Studio Solution File, Format Version 10.00
# Visual Studio 2008
Project("{8BC9CEB8-8B4A-11D0-8D11-00A0C91BC942}") = "A51", "A51\A51.vcproj", "{DAA04DA1-EFF4-4312-B779-5FD4621A7D63}"
	ProjectSection(ProjectDependencies) = postProject
		{A2EE52AC-45E6-4351-973B-8BC4A6A51E93} = {A2EE52AC-45E6-4351-973B-8BC4A6A51E93}
	EndProjectSection
EndProject
Project("{8BC9CEB8-8B4A-11D0-8D11-00A0C91BC942}") = "C51", "C51\src\C51.vcproj", "{20166FB8-E6A0-4EE3-B7C4-4A4706EE48CA}"
	ProjectSection(ProjectDependencies) = postProject
		{095B6C53-A71E-419A-B161-272AE0131FA8} = {095B6C53-A71E-419A-B161-272AE0131FA8}
		{7265D4D7-D5B6-4057-97AF-3A5CBF80B7B9} = {7265D4D7-D5B6-4057-97AF-3A5CBF80B7B9}
		{A9A62CDE-DD78-45C7-8B4F-4AF8E96F1D29} = {A9A62CDE-DD78-45C7-8B4F-4AF8E96F1D29}
	EndProjectSection
EndProject
Project("{8BC9CEB8-8B4A-11D0-8D11-00A0C91BC942}") = "Lib51", "Lib51\Lib51.vcproj", "{358DB8C1-B7EE-48D1-B3B8-20ADEB281ED9}"
EndProject
Project("{8BC9CEB8-8B4A-11D0-8D11-00A0C91BC942}") = "Link51", "Link51\link51.vcproj", "{AEC096AA-0908-4530-B7E5-7C63A72212CB}"
EndProject
Project("{8BC9CEB8-8B4A-11D0-8D11-00A0C91BC942}") = "Util", "A51\Util.vcproj", "{A2EE52AC-45E6-4351-973B-8BC4A6A51E93}"
	ProjectSection(ProjectDependencies) = postProject
		{C7E0F766-B13B-4A5D-8CB9-7B0872E41264} = {C7E0F766-B13B-4A5D-8CB9-7B0872E41264}
	EndProjectSection
EndProject
Project("{8BC9CEB8-8B4A-11D0-8D11-00A0C91BC942}") = "_Call51", "_Call51.vcproj", "{0E7E0DC4-1580-476C-B4E4-0CBAE9B3AF25}"
	ProjectSection(ProjectDependencies) = postProject
		{EA8BC08D-1C0E-44D9-BD33-79222FDA1E85} = {EA8BC08D-1C0E-44D9-BD33-79222FDA1E85}
		{DAA04DA1-EFF4-4312-B779-5FD4621A7D63} = {DAA04DA1-EFF4-4312-B779-5FD4621A7D63}
		{AEC096AA-0908-4530-B7E5-7C63A72212CB} = {AEC096AA-0908-4530-B7E5-7C63A72212CB}
		{20166FB8-E6A0-4EE3-B7C4-4A4706EE48CA} = {20166FB8-E6A0-4EE3-B7C4-4A4706EE48CA}
		{358DB8C1-B7EE-48D1-B3B8-20ADEB281ED9} = {358DB8C1-B7EE-48D1-B3B8-20ADEB281ED9}
	EndProjectSection
EndProject
Project("{8BC9CEB8-8B4A-11D0-8D11-00A0C91BC942}") = "bison", "Tools\bison\bison.vcproj", "{C7E0F766-B13B-4A5D-8CB9-7B0872E41264}"
EndProject
Project("{8BC9CEB8-8B4A-11D0-8D11-00A0C91BC942}") = "flex", "Tools\flex\flex.vcproj", "{A9A62CDE-DD78-45C7-8B4F-4AF8E96F1D29}"
EndProject
Project("{8BC9CEB8-8B4A-11D0-8D11-00A0C91BC942}") = "gawk", "Tools\gawk\gawk.vcproj", "{42BC17BC-4A49-4AFC-A365-DFEAC87B4838}"
EndProject
Project("{8BC9CEB8-8B4A-11D0-8D11-00A0C91BC942}") = "mcs51", "C51\src\mcs51\mcs51.vcproj", "{095B6C53-A71E-419A-B161-272AE0131FA8}"
	ProjectSection(ProjectDependencies) = postProject
		{0A86676B-7A26-4F68-9DAD-CEDE70150896} = {0A86676B-7A26-4F68-9DAD-CEDE70150896}
		{7265D4D7-D5B6-4057-97AF-3A5CBF80B7B9} = {7265D4D7-D5B6-4057-97AF-3A5CBF80B7B9}
	EndProjectSection
EndProject
Project("{8BC9CEB8-8B4A-11D0-8D11-00A0C91BC942}") = "mcs51a", "C51\src\mcs51\mcs51a.vcproj", "{0A86676B-7A26-4F68-9DAD-CEDE70150896}"
	ProjectSection(ProjectDependencies) = postProject
		{42BC17BC-4A49-4AFC-A365-DFEAC87B4838} = {42BC17BC-4A49-4AFC-A365-DFEAC87B4838}
	EndProjectSection
EndProject
Project("{8BC9CEB8-8B4A-11D0-8D11-00A0C91BC942}") = "yacc", "C51\src\yacc.vcproj", "{7265D4D7-D5B6-4057-97AF-3A5CBF80B7B9}"
	ProjectSection(ProjectDependencies) = postProject
		{C7E0F766-B13B-4A5D-8CB9-7B0872E41264} = {C7E0F766-B13B-4A5D-8CB9-7B0872E41264}
	EndProjectSection
EndProject
Project("{8BC9CEB8-8B4A-11D0-8D11-00A0C91BC942}") = "c51pp", "Cpp\c51pp.vcproj", "{EA8BC08D-1C0E-44D9-BD33-79222FDA1E85}"
	ProjectSection(ProjectDependencies) = postProject
		{E82584FF-F1B5-4220-99AB-3D87953BBFB2} = {E82584FF-F1B5-4220-99AB-3D87953BBFB2}
	EndProjectSection
EndProject
Project("{8BC9CEB8-8B4A-11D0-8D11-00A0C91BC942}") = "c51ppa", "Cpp\c51ppa.vcproj", "{E82584FF-F1B5-4220-99AB-3D87953BBFB2}"
EndProject
Global
	GlobalSection(SolutionConfigurationPlatforms) = preSolution
		Debug|Win32 = Debug|Win32
		Debug|x64 = Debug|x64
		Release|Win32 = Release|Win32
		Release|x64 = Release|x64
	EndGlobalSection
	GlobalSection(ProjectConfigurationPlatforms) = postSolution
		{DAA04DA1-EFF4-4312-B779-5FD4621A7D63}.Debug|Win32.ActiveCfg = Debug|Win32
		{DAA04DA1-EFF4-4312-B779-5FD4621A7D63}.Debug|Win32.Build.0 = Debug|Win32
		{DAA04DA1-EFF4-4312-B779-5FD4621A7D63}.Debug|x64.ActiveCfg = Debug|x64
		{DAA04DA1-EFF4-4312-B779-5FD4621A7D63}.Debug|x64.Build.0 = Debug|x64
		{DAA04DA1-EFF4-4312-B779-5FD4621A7D63}.Release|Win32.ActiveCfg = Release|Win32
		{DAA04DA1-EFF4-4312-B779-5FD4621A7D63}.Release|Win32.Build.0 = Release|Win32
		{DAA04DA1-EFF4-4312-B779-5FD4621A7D63}.Release|x64.ActiveCfg = Release|x64
		{DAA04DA1-EFF4-4312-B779-5FD4621A7D63}.Release|x64.Build.0 = Release|x64
		{20166FB8-E6A0-4EE3-B7C4-4A4706EE48CA}.Debug|Win32.ActiveCfg = Debug|Win32
		{20166FB8-E6A0-4EE3-B7C4-4A4706EE48CA}.Debug|Win32.Build.0 = Debug|Win32
		{20166FB8-E6A0-4EE3-B7C4-4A4706EE48CA}.Debug|x64.ActiveCfg = Debug|x64
		{20166FB8-E6A0-4EE3-B7C4-4A4706EE48CA}.Debug|x64.Build.0 = Debug|x64
		{20166FB8-E6A0-4EE3-B7C4-4A4706EE48CA}.Release|Win32.ActiveCfg = Release|Win32
		{20166FB8-E6A0-4EE3-B7C4-4A4706EE48CA}.Release|Win32.Build.0 = Release|Win32
		{20166FB8-E6A0-4EE3-B7C4-4A4706EE48CA}.Release|x64.ActiveCfg = Release|x64
		{20166FB8-E6A0-4EE3-B7C4-4A4706EE48CA}.Release|x64.Build.0 = Release|x64
		{358DB8C1-B7EE-48D1-B3B8-20ADEB281ED9}.Debug|Win32.ActiveCfg = Debug|Win32
		{358DB8C1-B7EE-48D1-B3B8-20ADEB281ED9}.Debug|Win32.Build.0 = Debug|Win32
		{358DB8C1-B7EE-48D1-B3B8-20ADEB281ED9}.Debug|x64.ActiveCfg = Debug|x64
		{358DB8C1-B7EE-48D1-B3B8-20ADEB281ED9}.Debug|x64.Build.0 = Debug|x64
		{358DB8C1-B7EE-48D1-B3B8-20ADEB281ED9}.Release|Win32.ActiveCfg = Release|Win32
		{358DB8C1-B7EE-48D1-B3B8-20ADEB281ED9}.Release|Win32.Build.0 = Release|Win32
		{358DB8C1-B7EE-48D1-B3B8-20ADEB281ED9}.Release|x64.ActiveCfg = Release|x64
		{358DB8C1-B7EE-48D1-B3B8-20ADEB281ED9}.Release|x64.Build.0 = Release|x64
		{AEC096AA-0908-4530-B7E5-7C63A72212CB}.Debug|Win32.ActiveCfg = Debug|Win32
		{AEC096AA-0908-4530-B7E5-7C63A72212CB}.Debug|Win32.Build.0 = Debug|Win32
		{AEC096AA-0908-4530-B7E5-7C63A72212CB}.Debug|x64.ActiveCfg = Debug|x64
		{AEC096AA-0908-4530-B7E5-7C63A72212CB}.Debug|x64.Build.0 = Debug|x64
		{AEC096AA-0908-4530-B7E5-7C63A72212CB}.Release|Win32.ActiveCfg = Release|Win32
		{AEC096AA-0908-4530-B7E5-7C63A72212CB}.Release|Win32.Build.0 = Release|Win32
		{AEC096AA-0908-4530-B7E5-7C63A72212CB}.Release|x64.ActiveCfg = Release|x64
		{AEC096AA-0908-4530-B7E5-7C63A72212CB}.Release|x64.Build.0 = Release|x64
		{A2EE52AC-45E6-4351-973B-8BC4A6A51E93}.Debug|Win32.ActiveCfg = Debug|Win32
		{A2EE52AC-45E6-4351-973B-8BC4A6A51E93}.Debug|Win32.Build.0 = Debug|Win32
		{A2EE52AC-45E6-4351-973B-8BC4A6A51E93}.Debug|x64.ActiveCfg = Debug|x64
		{A2EE52AC-45E6-4351-973B-8BC4A6A51E93}.Debug|x64.Build.0 = Debug|x64
		{A2EE52AC-45E6-4351-973B-8BC4A6A51E93}.Release|Win32.ActiveCfg = Release|Win32
		{A2EE52AC-45E6-4351-973B-8BC4A6A51E93}.Release|Win32.Build.0 = Release|Win32
		{A2EE52AC-45E6-4351-973B-8BC4A6A51E93}.Release|x64.ActiveCfg = Release|x64
		{A2EE52AC-45E6-4351-973B-8BC4A6A51E93}.Release|x64.Build.0 = Release|x64
		{0E7E0DC4-1580-476C-B4E4-0CBAE9B3AF25}.Debug|Win32.ActiveCfg = Debug|Win32
		{0E7E0DC4-1580-476C-B4E4-0CBAE9B3AF25}.Debug|Win32.Build.0 = Debug|Win32
		{0E7E0DC4-1580-476C-B4E4-0CBAE9B3AF25}.Debug|x64.ActiveCfg = Debug|x64
		{0E7E0DC4-1580-476C-B4E4-0CBAE9B3AF25}.Debug|x64.Build.0 = Debug|x64
		{0E7E0DC4-1580-476C-B4E4-0CBAE9B3AF25}.Release|Win32.ActiveCfg = Release|Win32
		{0E7E0DC4-1580-476C-B4E4-0CBAE9B3AF25}.Release|Win32.Build.0 = Release|Win32
		{0E7E0DC4-1580-476C-B4E4-0CBAE9B3AF25}.Release|x64.ActiveCfg = Release|x64
		{0E7E0DC4-1580-476C-B4E4-0CBAE9B3AF25}.Release|x64.Build.0 = Release|x64
		{C7E0F766-B13B-4A5D-8CB9-7B0872E41264}.Debug|Win32.ActiveCfg = Debug|Win32
		{C7E0F766-B13B-4A5D-8CB9-7B0872E41264}.Debug|Win32.Build.0 = Debug|Win32
		{C7E0F766-B13B-4A5D-8CB9-7B0872E41264}.Debug|x64.ActiveCfg = Debug|x64
		{C7E0F766-B13B-4A5D-8CB9-7B0872E41264}.Debug|x64.Build.0 = Debug|x64
		{C7E0F766-B13B-4A5D-8CB9-7B0872E41264}.Release|Win32.ActiveCfg = Release|Win32
		{C7E0F766-B13B-4A5D-8CB9-7B0872E41264}.Release|Win32.Build.0 = Release|Win32
		{C7E0F766-B13B-4A5D-8CB9-7B0872E41264}.Release|x64.ActiveCfg = Release|x64
		{C7E0F766-B13B-4A5D-8CB9-7B0872E41264}.Release|x64.Build.0 = Release|x64
		{A9A62CDE-DD78-45C7-8B4F-4AF8E96F1D29}.Debug|Win32.ActiveCfg = Debug|Win32
		{A9A62CDE-DD78-45C7-8B4F-4AF8E96F1D29}.Debug|Win32.Build.0 = Debug|Win32
		{A9A62CDE-DD78-45C7-8B4F-4AF8E96F1D29}.Debug|x64.ActiveCfg = Debug|x64
		{A9A62CDE-DD78-45C7-8B4F-4AF8E96F1D29}.Debug|x64.Build.0 = Debug|x64
		{A9A62CDE-DD78-45C7-8B4F-4AF8E96F1D29}.Release|Win32.ActiveCfg = Release|Win32
		{A9A62CDE-DD78-45C7-8B4F-4AF8E96F1D29}.Release|Win32.Build.0 = Release|Win32
		{A9A62CDE-DD78-45C7-8B4F-4AF8E96F1D29}.Release|x64.ActiveCfg = Release|x64
		{A9A62CDE-DD78-45C7-8B4F-4AF8E96F1D29}.Release|x64.Build.0 = Release|x64
		{42BC17BC-4A49-4AFC-A365-DFEAC87B4838}.Debug|Win32.ActiveCfg = Debug|Win32
		{42BC17BC-4A49-4AFC-A365-DFEAC87B4838}.Debug|Win32.Build.0 = Debug|Win32
		{42BC17BC-4A49-4AFC-A365-DFEAC87B4838}.Debug|x64.ActiveCfg = Debug|x64
		{42BC17BC-4A49-4AFC-A365-DFEAC87B4838}.Debug|x64.Build.0 = Debug|x64
		{42BC17BC-4A49-4AFC-A365-DFEAC87B4838}.Release|Win32.ActiveCfg = Release|Win32
		{42BC17BC-4A49-4AFC-A365-DFEAC87B4838}.Release|Win32.Build.0 = Release|Win32
		{42BC17BC-4A49-4AFC-A365-DFEAC87B4838}.Release|x64.ActiveCfg = Release|x64
		{42BC17BC-4A49-4AFC-A365-DFEAC87B4838}.Release|x64.Build.0 = Release|x64
		{095B6C53-A71E-419A-B161-272AE0131FA8}.Debug|Win32.ActiveCfg = Debug|Win32
		{095B6C53-A71E-419A-B161-272AE0131FA8}.Debug|Win32.Build.0 = Debug|Win32
		{095B6C53-A71E-419A-B161-272AE0131FA8}.Debug|x64.ActiveCfg = Debug|x64
		{095B6C53-A71E-419A-B161-272AE0131FA8}.Debug|x64.Build.0 = Debug|x64
		{095B6C53-A71E-419A-B161-272AE0131FA8}.Release|Win32.ActiveCfg = Release|Win32
		{095B6C53-A71E-419A-B161-272AE0131FA8}.Release|Win32.Build.0 = Release|Win32
		{095B6C53-A71E-419A-B161-272AE0131FA8}.Release|x64.ActiveCfg = Release|x64
		{095B6C53-A71E-419A-B161-272AE0131FA8}.Release|x64.Build.0 = Release|x64
		{0A86676B-7A26-4F68-9DAD-CEDE70150896}.Debug|Win32.ActiveCfg = Debug|Win32
		{0A86676B-7A26-4F68-9DAD-CEDE70150896}.Debug|Win32.Build.0 = Debug|Win32
		{0A86676B-7A26-4F68-9DAD-CEDE70150896}.Debug|x64.ActiveCfg = Debug|x64
		{0A86676B-7A26-4F68-9DAD-CEDE70150896}.Debug|x64.Build.0 = Debug|x64
		{0A86676B-7A26-4F68-9DAD-CEDE70150896}.Release|Win32.ActiveCfg = Release|Win32
		{0A86676B-7A26-4F68-9DAD-CEDE70150896}.Release|Win32.Build.0 = Release|Win32
		{0A86676B-7A26-4F68-9DAD-CEDE70150896}.Release|x64.ActiveCfg = Release|x64
		{0A86676B-7A26-4F68-9DAD-CEDE70150896}.Release|x64.Build.0 = Release|x64
		{7265D4D7-D5B6-4057-97AF-3A5CBF80B7B9}.Debug|Win32.ActiveCfg = Debug|Win32
		{7265D4D7-D5B6-4057-97AF-3A5CBF80B7B9}.Debug|Win32.Build.0 = Debug|Win32
		{7265D4D7-D5B6-4057-97AF-3A5CBF80B7B9}.Debug|x64.ActiveCfg = Debug|x64
		{7265D4D7-D5B6-4057-97AF-3A5CBF80B7B9}.Debug|x64.Build.0 = Debug|x64
		{7265D4D7-D5B6-4057-97AF-3A5CBF80B7B9}.Release|Win32.ActiveCfg = Release|Win32
		{7265D4D7-D5B6-4057-97AF-3A5CBF80B7B9}.Release|Win32.Build.0 = Release|Win32
		{7265D4D7-D5B6-4057-97AF-3A5CBF80B7B9}.Release|x64.ActiveCfg = Release|x64
		{7265D4D7-D5B6-4057-97AF-3A5CBF80B7B9}.Release|x64.Build.0 = Release|x64
		{EA8BC08D-1C0E-44D9-BD33-79222FDA1E85}.Debug|Win32.ActiveCfg = Debug|Win32
		{EA8BC08D-1C0E-44D9-BD33-79222FDA1E85}.Debug|Win32.Build.0 = Debug|Win32
		{EA8BC08D-1C0E-44D9-BD33-79222FDA1E85}.Debug|x64.ActiveCfg = Debug|Win32
		{EA8BC08D-1C0E-44D9-BD33-79222FDA1E85}.Release|Win32.ActiveCfg = Release|Win32
		{EA8BC08D-1C0E-44D9-BD33-79222FDA1E85}.Release|Win32.Build.0 = Release|Win32
		{EA8BC08D-1C0E-44D9-BD33-79222FDA1E85}.Release|x64.ActiveCfg = Release|x64
		{EA8BC08D-1C0E-44D9-BD33-79222FDA1E85}.Release|x64.Build.0 = Release|x64
		{E82584FF-F1B5-4220-99AB-3D87953BBFB2}.Debug|Win32.ActiveCfg = Debug|Win32
		{E82584FF-F1B5-4220-99AB-3D87953BBFB2}.Debug|Win32.Build.0 = Debug|Win32
		{E82584FF-F1B5-4220-99AB-3D87953BBFB2}.Debug|x64.ActiveCfg = Debug|Win32
		{E82584FF-F1B5-4220-99AB-3D87953BBFB2}.Release|Win32.ActiveCfg = Release|Win32
		{E82584FF-F1B5-4220-99AB-3D87953BBFB2}.Release|Win32.Build.0 = Release|Win32
		{E82584FF-F1B5-4220-99AB-3D87953BBFB2}.Release|x64.ActiveCfg = Release|x64
		{E82584FF-F1B5-4220-99AB-3D87953BBFB2}.Release|x64.Build.0 = Release|x64
	EndGlobalSection
	GlobalSection(SolutionProperties) = preSolution
		HideSolutionNode = FALSE
	EndGlobalSection
EndGlobal
